
Microsoft Visual Studio Solution File, Format Version 12.00
# Visual Studio 15
VisualStudioVersion = 15.0.27130.2027
MinimumVisualStudioVersion = 10.0.40219.1
Project("{8BC9CEB8-8B4A-11D0-8D11-00A0C91BC942}") = "2.1", "2.1\2.1.vcxproj", "{F095C0AD-EE7B-4528-806F-33D3BC626593}"
EndProject
Project("{8BC9CEB8-8B4A-11D0-8D11-00A0C91BC942}") = "WeatherStationTests", "WeatherStationTests\WeatherStationTests.vcxproj", "{23BC3DBD-FFA9-4F86-9B4D-163704032530}"
EndProject
Project("{8BC9CEB8-8B4A-11D0-8D11-00A0C91BC942}") = "WeatherStationDuo", "WeatherStationDuo\WeatherStationDuo.vcxproj", "{A72E74D1-5961-4067-BB0D-E6EC438065C3}"
EndProject
Project("{8BC9CEB8-8B4A-11D0-8D11-00A0C91BC942}") = "WeatherStationDuoTests", "WeatherStationDuoTests\WeatherStationDuoTests.vcxproj", "{2FC042CB-0885-47DE-80B2-89EA48B43DAD}"
EndProject
Project("{8BC9CEB8-8B4A-11D0-8D11-00A0C91BC942}") = "WeatherStationProDuo", "WeatherStationProDuo\WeatherStationProDuo.vcxproj", "{D1604C67-4478-4CDE-ACD0-528221E6E566}"
EndProject
Project("{8BC9CEB8-8B4A-11D0-8D11-00A0C91BC942}") = "WeatherStationProInterestingEvents", "WeatherStationProInterestingEvents\WeatherStationProInterestingEvents.vcxproj", "{7CFB5363-1619-4561-888D-826561C77126}"
EndProject
Global
	GlobalSection(SolutionConfigurationPlatforms) = preSolution
		Debug|x64 = Debug|x64
		Debug|x86 = Debug|x86
		Release|x64 = Release|x64
		Release|x86 = Release|x86
	EndGlobalSection
	GlobalSection(ProjectConfigurationPlatforms) = postSolution
		{F095C0AD-EE7B-4528-806F-33D3BC626593}.Debug|x64.ActiveCfg = Debug|x64
		{F095C0AD-EE7B-4528-806F-33D3BC626593}.Debug|x64.Build.0 = Debug|x64
		{F095C0AD-EE7B-4528-806F-33D3BC626593}.Debug|x86.ActiveCfg = Debug|Win32
		{F095C0AD-EE7B-4528-806F-33D3BC626593}.Debug|x86.Build.0 = Debug|Win32
		{F095C0AD-EE7B-4528-806F-33D3BC626593}.Release|x64.ActiveCfg = Release|x64
		{F095C0AD-EE7B-4528-806F-33D3BC626593}.Release|x64.Build.0 = Release|x64
		{F095C0AD-EE7B-4528-806F-33D3BC626593}.Release|x86.ActiveCfg = Release|Win32
		{F095C0AD-EE7B-4528-806F-33D3BC626593}.Release|x86.Build.0 = Release|Win32
		{23BC3DBD-FFA9-4F86-9B4D-163704032530}.Debug|x64.ActiveCfg = Debug|x64
		{23BC3DBD-FFA9-4F86-9B4D-163704032530}.Debug|x64.Build.0 = Debug|x64
		{23BC3DBD-FFA9-4F86-9B4D-163704032530}.Debug|x86.ActiveCfg = Debug|Win32
		{23BC3DBD-FFA9-4F86-9B4D-163704032530}.Debug|x86.Build.0 = Debug|Win32
		{23BC3DBD-FFA9-4F86-9B4D-163704032530}.Release|x64.ActiveCfg = Release|x64
		{23BC3DBD-FFA9-4F86-9B4D-163704032530}.Release|x64.Build.0 = Release|x64
		{23BC3DBD-FFA9-4F86-9B4D-163704032530}.Release|x86.ActiveCfg = Release|Win32
		{23BC3DBD-FFA9-4F86-9B4D-163704032530}.Release|x86.Build.0 = Release|Win32
		{A72E74D1-5961-4067-BB0D-E6EC438065C3}.Debug|x64.ActiveCfg = Debug|x64
		{A72E74D1-5961-4067-BB0D-E6EC438065C3}.Debug|x64.Build.0 = Debug|x64
		{A72E74D1-5961-4067-BB0D-E6EC438065C3}.Debug|x86.ActiveCfg = Debug|Win32
		{A72E74D1-5961-4067-BB0D-E6EC438065C3}.Debug|x86.Build.0 = Debug|Win32
		{A72E74D1-5961-4067-BB0D-E6EC438065C3}.Release|x64.ActiveCfg = Release|x64
		{A72E74D1-5961-4067-BB0D-E6EC438065C3}.Release|x64.Build.0 = Release|x64
		{A72E74D1-5961-4067-BB0D-E6EC438065C3}.Release|x86.ActiveCfg = Release|Win32
		{A72E74D1-5961-4067-BB0D-E6EC438065C3}.Release|x86.Build.0 = Release|Win32
		{2FC042CB-0885-47DE-80B2-89EA48B43DAD}.Debug|x64.ActiveCfg = Debug|x64
		{2FC042CB-0885-47DE-80B2-89EA48B43DAD}.Debug|x64.Build.0 = Debug|x64
		{2FC042CB-0885-47DE-80B2-89EA48B43DAD}.Debug|x86.ActiveCfg = Debug|Win32
		{2FC042CB-0885-47DE-80B2-89EA48B43DAD}.Debug|x86.Build.0 = Debug|Win32
		{2FC042CB-0885-47DE-80B2-89EA48B43DAD}.Release|x64.ActiveCfg = Release|x64
		{2FC042CB-0885-47DE-80B2-89EA48B43DAD}.Release|x64.Build.0 = Release|x64
		{2FC042CB-0885-47DE-80B2-89EA48B43DAD}.Release|x86.ActiveCfg = Release|Win32
		{2FC042CB-0885-47DE-80B2-89EA48B43DAD}.Release|x86.Build.0 = Release|Win32
		{D1604C67-4478-4CDE-ACD0-528221E6E566}.Debug|x64.ActiveCfg = Debug|x64
		{D1604C67-4478-4CDE-ACD0-528221E6E566}.Debug|x64.Build.0 = Debug|x64
		{D1604C67-4478-4CDE-ACD0-528221E6E566}.Debug|x86.ActiveCfg = Debug|Win32
		{D1604C67-4478-4CDE-ACD0-528221E6E566}.Debug|x86.Build.0 = Debug|Win32
		{D1604C67-4478-4CDE-ACD0-528221E6E566}.Release|x64.ActiveCfg = Release|x64
		{D1604C67-4478-4CDE-ACD0-528221E6E566}.Release|x64.Build.0 = Release|x64
		{D1604C67-4478-4CDE-ACD0-528221E6E566}.Release|x86.ActiveCfg = Release|Win32
		{D1604C67-4478-4CDE-ACD0-528221E6E566}.Release|x86.Build.0 = Release|Win32
		{7CFB5363-1619-4561-888D-826561C77126}.Debug|x64.ActiveCfg = Debug|x64
		{7CFB5363-1619-4561-888D-826561C77126}.Debug|x64.Build.0 = Debug|x64
		{7CFB5363-1619-4561-888D-826561C77126}.Debug|x86.ActiveCfg = Debug|Win32
		{7CFB5363-1619-4561-888D-826561C77126}.Debug|x86.Build.0 = Debug|Win32
		{7CFB5363-1619-4561-888D-826561C77126}.Release|x64.ActiveCfg = Release|x64
		{7CFB5363-1619-4561-888D-826561C77126}.Release|x64.Build.0 = Release|x64
		{7CFB5363-1619-4561-888D-826561C77126}.Release|x86.ActiveCfg = Release|Win32
		{7CFB5363-1619-4561-888D-826561C77126}.Release|x86.Build.0 = Release|Win32
	EndGlobalSection
	GlobalSection(SolutionProperties) = preSolution
		HideSolutionNode = FALSE
	EndGlobalSection
	GlobalSection(ExtensibilityGlobals) = postSolution
		SolutionGuid = {4F381444-937B-40DF-AF23-0E0BD712666E}
	EndGlobalSection
EndGlobal
